
Microsoft Visual Studio Solution File, Format Version 12.00
# Visual Studio 2015
Project("{FAE04EC0-301F-11D3-BF4B-00C04F79EFBC}") = "TestLadder.CSharp.Plugins", "TestLadder.CSharp.Plugins.csproj", "{EF0AA210-65B2-0257-CD1C-BCC866034550}"
EndProject
Project("{FAE04EC0-301F-11D3-BF4B-00C04F79EFBC}") = "TestLadder.CSharp", "TestLadder.CSharp.csproj", "{8A9C1790-19FC-5EE2-ABA4-F74654554BC0}"
EndProject
Project("{FAE04EC0-301F-11D3-BF4B-00C04F79EFBC}") = "TestLadder.CSharp.Editor", "TestLadder.CSharp.Editor.csproj", "{FCF31861-151B-3C8D-F44D-DA7CBE730F32}"
EndProject
Global
	GlobalSection(SolutionConfigurationPlatforms) = preSolution
		Debug|Any CPU = Debug|Any CPU
		Release|Any CPU = Release|Any CPU
	EndGlobalSection
	GlobalSection(ProjectConfigurationPlatforms) = postSolution
		{EF0AA210-65B2-0257-CD1C-BCC866034550}.Debug|Any CPU.ActiveCfg = Debug|Any CPU
		{EF0AA210-65B2-0257-CD1C-BCC866034550}.Debug|Any CPU.Build.0 = Debug|Any CPU
		{EF0AA210-65B2-0257-CD1C-BCC866034550}.Release|Any CPU.ActiveCfg = Release|Any CPU
		{EF0AA210-65B2-0257-CD1C-BCC866034550}.Release|Any CPU.Build.0 = Release|Any CPU
		{8A9C1790-19FC-5EE2-ABA4-F74654554BC0}.Debug|Any CPU.ActiveCfg = Debug|Any CPU
		{8A9C1790-19FC-5EE2-ABA4-F74654554BC0}.Debug|Any CPU.Build.0 = Debug|Any CPU
		{8A9C1790-19FC-5EE2-ABA4-F74654554BC0}.Release|Any CPU.ActiveCfg = Release|Any CPU
		{8A9C1790-19FC-5EE2-ABA4-F74654554BC0}.Release|Any CPU.Build.0 = Release|Any CPU
		{FCF31861-151B-3C8D-F44D-DA7CBE730F32}.Debug|Any CPU.ActiveCfg = Debug|Any CPU
		{FCF31861-151B-3C8D-F44D-DA7CBE730F32}.Debug|Any CPU.Build.0 = Debug|Any CPU
		{FCF31861-151B-3C8D-F44D-DA7CBE730F32}.Release|Any CPU.ActiveCfg = Release|Any CPU
		{FCF31861-151B-3C8D-F44D-DA7CBE730F32}.Release|Any CPU.Build.0 = Release|Any CPU
	EndGlobalSection
	GlobalSection(SolutionProperties) = preSolution
		HideSolutionNode = FALSE
	EndGlobalSection
EndGlobal
